
Microsoft Visual Studio Solution File, Format Version 12.00
# Visual Studio Version 16
VisualStudioVersion = 16.0.31702.278
MinimumVisualStudioVersion = 10.0.40219.1
Project("{FAE04EC0-301F-11D3-BF4B-00C04F79EFBC}") = "RazorPageRosteringSystem", "RazorPageRosteringSystem.csproj", "{69DAA481-69A4-4FF1-8025-9F23C015773C}"
EndProject
Global
	GlobalSection(SolutionConfigurationPlatforms) = preSolution
		Debug|Any CPU = Debug|Any CPU
		Release|Any CPU = Release|Any CPU
	EndGlobalSection
	GlobalSection(ProjectConfigurationPlatforms) = postSolution
		{69DAA481-69A4-4FF1-8025-9F23C015773C}.Debug|Any CPU.ActiveCfg = Debug|Any CPU
		{69DAA481-69A4-4FF1-8025-9F23C015773C}.Debug|Any CPU.Build.0 = Debug|Any CPU
		{69DAA481-69A4-4FF1-8025-9F23C015773C}.Release|Any CPU.ActiveCfg = Release|Any CPU
		{69DAA481-69A4-4FF1-8025-9F23C015773C}.Release|Any CPU.Build.0 = Release|Any CPU
	EndGlobalSection
	GlobalSection(SolutionProperties) = preSolution
		HideSolutionNode = FALSE
	EndGlobalSection
	GlobalSection(ExtensibilityGlobals) = postSolution
		SolutionGuid = {245F47EC-0175-4280-A019-0096A1250039}
	EndGlobalSection
EndGlobal
